{
    "_readme": [
        "This file locks the dependencies of your project to a known state",
        "Read more about it at https://getcomposer.org/doc/01-basic-usage.md#composer-lock-the-lock-file",
        "This file is @generated automatically"
    ],
    "hash": "aacd78d02eed195138a657191ccc3ade",
    "content-hash": "5db8d00c88b07809ed988e0bdc449be5",
    "packages": [
        {
            "name": "pmvc-plugin/get",
            "version": "dev-master",
            "source": {
                "type": "git",
                "url": "https://github.com/pmvc-plugin/get.git",
                "reference": "fbde0b6ee8cf3169a6288f1295e65770f8b424ba"
            },
            "dist": {
                "type": "zip",
                "url": "https://api.github.com/repos/pmvc-plugin/get/zipball/fbde0b6ee8cf3169a6288f1295e65770f8b424ba",
                "reference": "fbde0b6ee8cf3169a6288f1295e65770f8b424ba",
                "shasum": ""
            },
            "require": {
                "pmvc/pmvc": "*"
            },
            "type": "library",
            "notification-url": "https://packagist.org/downloads/",
            "license": [
                "MIT"
            ],
            "authors": [
                {
                    "name": "Hill",
                    "email": "hill@kimo.com"
                }
            ],
            "description": "smart get function, help you get configure from different storage simply. ",
            "keywords": [
                "get",
                "plug-in",
                "pmvc"
            ],
            "time": "2015-07-29 16:37:56"
        },
        {
            "name": "pmvc-plugin/view",
            "version": "dev-master",
            "source": {
                "type": "git",
                "url": "https://github.com/pmvc-plugin/view.git",
                "reference": "018cefb9edc5cd222e6885b35103f0dac3393cf7"
            },
            "dist": {
                "type": "zip",
                "url": "https://api.github.com/repos/pmvc-plugin/view/zipball/018cefb9edc5cd222e6885b35103f0dac3393cf7",
                "reference": "018cefb9edc5cd222e6885b35103f0dac3393cf7",
                "shasum": ""
            },
            "require": {
                "pmvc/pmvc": "*"
            },
            "type": "library",
            "autoload": {
                "psr-4": {
                    "PMVC\\PlugIn\\view\\": "./src"
                }
            },
            "notification-url": "https://packagist.org/downloads/",
            "license": [
                "MIT"
            ],
            "authors": [
                {
                    "name": "Hill",
                    "email": "hill@kimo.com"
                }
            ],
            "description": "PMVC official view engine",
            "homepage": "https://github.com/pmvc-plugin/view",
            "keywords": [
                "plug-in",
                "pmvc",
                "view"
            ],
            "time": "2015-07-29 18:23:20"
        },
        {
            "name": "pmvc-plugin/view_react",
            "version": "dev-master",
            "source": {
                "type": "git",
                "url": "https://github.com/pmvc-plugin/view_react.git",
                "reference": "181d28dbc83e1cec6f72d6bbb445ba4022063b2f"
            },
            "dist": {
                "type": "zip",
                "url": "https://api.github.com/repos/pmvc-plugin/view_react/zipball/181d28dbc83e1cec6f72d6bbb445ba4022063b2f",
                "reference": "181d28dbc83e1cec6f72d6bbb445ba4022063b2f",
                "shasum": ""
            },
            "require": {
                "pmvc-plugin/get": "*",
                "pmvc-plugin/view": "*"
            },
            "type": "library",
            "notification-url": "https://packagist.org/downloads/",
            "license": [
                "MIT"
            ],
            "authors": [
                {
                    "name": "Hill",
                    "email": "hill@kimo.com"
                }
            ],
            "description": "PMVC view engine for react.js",
            "homepage": "https://github.com/pmvc-plugin/view_react",
            "keywords": [
                "plug-in",
                "pmvc",
                "react",
                "template",
                "view"
            ],
            "time": "2015-08-28 04:40:25"
        },
        {
            "name": "pmvc/pmvc",
            "version": "dev-master",
            "source": {
                "type": "git",
                "url": "https://github.com/pmvc/pmvc.git",
                "reference": "bec9b577ba04cd9380c6e12a7a8d33ffc57d0c96"
            },
            "dist": {
                "type": "zip",
                "url": "https://api.github.com/repos/pmvc/pmvc/zipball/bec9b577ba04cd9380c6e12a7a8d33ffc57d0c96",
                "reference": "bec9b577ba04cd9380c6e12a7a8d33ffc57d0c96",
                "shasum": ""
            },
            "require": {
                "php": ">=5.5.0"
            },
            "require-dev": {
                "squizlabs/php_codesniffer": "@stable"
            },
            "type": "library",
            "autoload": {
                "psr-4": {
                    "PMVC\\": "src"
                }
            },
            "notification-url": "https://packagist.org/downloads/",
            "license": [
                "MIT"
            ],
            "authors": [
                {
                    "name": "Hill",
                    "email": "hill@kimo.com"
                }
            ],
            "description": "The New PHP5.6 MVC framework, conatain double engine and double framework",
            "keywords": [
                "framework",
                "mvc",
                "phramework",
                "plug",
                "plug-in",
                "pmvc"
            ],
            "time": "2015-10-14 07:38:48"
        }
    ],
    "packages-dev": [],
    "aliases": [],
    "minimum-stability": "dev",
    "stability-flags": [],
    "prefer-stable": false,
    "prefer-lowest": false,
    "platform": [],
    "platform-dev": []
}
